<?xml version="1.0" encoding="UTF-8" standalone="yes" ?>
<CodeBlocks_project_file>
	<FileVersion major="1" minor="6" />
	<Project>
		<Option title="GraphicsRayTracer" />
		<Option pch_mode="2" />
		<Option compiler="gcc" />
		<Build>
			<Target title="Debug">
				<Option output="bin/Debug/GraphicsRayTracer" prefix_auto="1" extension_auto="1" />
				<Option object_output="obj/Debug/" />
				<Option type="1" />
				<Option compiler="gcc" />
				<Compiler>
					<Add option="-g" />
				</Compiler>
			</Target>
			<Target title="Release">
				<Option output="bin/Release/GraphicsRayTracer" prefix_auto="1" extension_auto="1" />
				<Option object_output="obj/Release/" />
				<Option type="1" />
				<Option compiler="gcc" />
				<Compiler>
					<Add option="-O2" />
				</Compiler>
				<Linker>
					<Add option="-s" />
				</Linker>
			</Target>
		</Build>
		<Compiler>
			<Add option="-Wall" />
			<Add option="-fexceptions" />
		</Compiler>
		<Unit filename="Plane.cpp" />
		<Unit filename="Plane.h" />
		<Unit filename="image.cpp" />
		<Unit filename="image.h" />
		<Unit filename="light.cpp" />
		<Unit filename="light.h" />
		<Unit filename="lodepng.cpp" />
		<Unit filename="lodepng.h" />
		<Unit filename="main.cpp" />
		<Unit filename="material.cpp" />
		<Unit filename="material.h" />
		<Unit filename="object.h" />
		<Unit filename="raytracer.cpp" />
		<Unit filename="raytracer.h" />
		<Unit filename="scene.cpp" />
		<Unit filename="scene.h" />
		<Unit filename="scene01.png" />
		<Unit filename="sphere.cpp" />
		<Unit filename="sphere.h" />
		<Unit filename="triple.cpp" />
		<Unit filename="triple.h" />
		<Unit filename="yaml/aliascontent.cpp" />
		<Unit filename="yaml/aliascontent.h" />
		<Unit filename="yaml/content.cpp" />
		<Unit filename="yaml/content.h" />
		<Unit filename="yaml/conversion.cpp" />
		<Unit filename="yaml/conversion.h" />
		<Unit filename="yaml/crt.h" />
		<Unit filename="yaml/emitter.cpp" />
		<Unit filename="yaml/emitter.h" />
		<Unit filename="yaml/emittermanip.h" />
		<Unit filename="yaml/emitterstate.cpp" />
		<Unit filename="yaml/emitterstate.h" />
		<Unit filename="yaml/emitterutils.cpp" />
		<Unit filename="yaml/emitterutils.h" />
		<Unit filename="yaml/exceptions.h" />
		<Unit filename="yaml/exp.cpp" />
		<Unit filename="yaml/exp.h" />
		<Unit filename="yaml/indentation.h" />
		<Unit filename="yaml/iterator.cpp" />
		<Unit filename="yaml/iterator.h" />
		<Unit filename="yaml/iterpriv.h" />
		<Unit filename="yaml/ltnode.h" />
		<Unit filename="yaml/map.cpp" />
		<Unit filename="yaml/map.h" />
		<Unit filename="yaml/mark.h" />
		<Unit filename="yaml/node.cpp" />
		<Unit filename="yaml/node.h" />
		<Unit filename="yaml/nodeimpl.h" />
		<Unit filename="yaml/nodereadimpl.h" />
		<Unit filename="yaml/nodeutil.h" />
		<Unit filename="yaml/noncopyable.h" />
		<Unit filename="yaml/null.cpp" />
		<Unit filename="yaml/null.h" />
		<Unit filename="yaml/ostream.cpp" />
		<Unit filename="yaml/ostream.h" />
		<Unit filename="yaml/parser.cpp" />
		<Unit filename="yaml/parser.h" />
		<Unit filename="yaml/parserstate.cpp" />
		<Unit filename="yaml/parserstate.h" />
		<Unit filename="yaml/regex.cpp" />
		<Unit filename="yaml/regex.h" />
		<Unit filename="yaml/regeximpl.h" />
		<Unit filename="yaml/scalar.cpp" />
		<Unit filename="yaml/scalar.h" />
		<Unit filename="yaml/scanner.cpp" />
		<Unit filename="yaml/scanner.h" />
		<Unit filename="yaml/scanscalar.cpp" />
		<Unit filename="yaml/scanscalar.h" />
		<Unit filename="yaml/scantoken.cpp" />
		<Unit filename="yaml/sequence.cpp" />
		<Unit filename="yaml/sequence.h" />
		<Unit filename="yaml/setting.h" />
		<Unit filename="yaml/simplekey.cpp" />
		<Unit filename="yaml/stlemitter.h" />
		<Unit filename="yaml/stream.cpp" />
		<Unit filename="yaml/stream.h" />
		<Unit filename="yaml/streamcharsource.h" />
		<Unit filename="yaml/stringsource.h" />
		<Unit filename="yaml/token.h" />
		<Unit filename="yaml/yaml.h" />
		<Extensions>
			<code_completion />
			<envvars />
			<debugger />
			<lib_finder disable_auto="1" />
		</Extensions>
	</Project>
</CodeBlocks_project_file>
